# This file is generated by running "yarn install" inside your project.
# Manual changes might be lost - proceed with caution!

__metadata:
  version: 6
  cacheKey: 8

"@types/node@npm:^24":
  version: 24.13.3
  resolution: "@types/node@npm:24.13.3"
  dependencies:
    undici-types: ~7.18.0
  checksum: e3f2142e02dd7b44885bf16d5438e7d510c5917a272011ac594665fe38f453dea810cb4c8cd989d6cbaf769d46dbaf017eee4bdbf4246737f2b6c6774e093332
  languageName: node
  linkType: hard

"prettier@npm:^3":
  version: 3.9.5
  resolution: "prettier@npm:3.9.5"
  bin:
    prettier: bin/prettier.cjs
  checksum: a47508022818548392d02d8d7074c0af4440e1bcb288f912a29bcf82a863925b67a34e5ded63b0c09ede234811d1dc48f49d201633dd740d5e8ee1dd304d16e3
  languageName: node
  linkType: hard

"typescript@npm:^5":
  version: 5.9.3
  resolution: "typescript@npm:5.9.3"
  bin:
    tsc: bin/tsc
    tsserver: bin/tsserver
  checksum: 0d0ffb84f2cd072c3e164c79a2e5a1a1f4f168e84cb2882ff8967b92afe1def6c2a91f6838fb58b168428f9458c57a2ba06a6737711fdd87a256bbe83e9a217f
  languageName: node
  linkType: hard

"typescript@patch:typescript@^5#~builtin<compat/typescript>":
  version: 5.9.3
  resolution: "typescript@patch:typescript@npm%3A5.9.3#~builtin<compat/typescript>::version=5.9.3&hash=ad5954"
  bin:
    tsc: bin/tsc
    tsserver: bin/tsserver
  checksum: 8bb8d86819ac86a498eada254cad7fb69c5f74778506c700c2a712daeaff21d3a6f51fd0d534fe16903cb010d1b74f89437a3d02d4d0ff5ca2ba9a4660de8497
  languageName: node
  linkType: hard

"undici-types@npm:~7.18.0":
  version: 7.18.2
  resolution: "undici-types@npm:7.18.2"
  checksum: 23da306c8366574adec305b06a8519ab5c7d09e3f5d16c1a98709a34fae17da09ec95198f30f86c00055e02efa8bfcc843e84e8aebeb9b8d6bb3e06afccae07a
  languageName: node
  linkType: hard

"workflow-skills@workspace:.":
  version: 0.0.0-use.local
  resolution: "workflow-skills@workspace:."
  dependencies:
    "@types/node": ^24
    prettier: ^3
    typescript: ^5
  languageName: unknown
  linkType: soft
